
Microsoft Visual Studio Solution File, Format Version 12.00
# Visual Studio Version 17
VisualStudioVersion = 17.7.34031.279
MinimumVisualStudioVersion = 10.0.40219.1
Project("{FAE04EC0-301F-11D3-BF4B-00C04F79EFBC}") = "CrudWindowsForm", "CrudWindowsForm\CrudWindowsForm.csproj", "{884025F3-A725-4C43-A4B9-AFC5A0971102}"
EndProject
Global
	GlobalSection(SolutionConfigurationPlatforms) = preSolution
		Debug|Any CPU = Debug|Any CPU
		Release|Any CPU = Release|Any CPU
	EndGlobalSection
	GlobalSection(ProjectConfigurationPlatforms) = postSolution
		{884025F3-A725-4C43-A4B9-AFC5A0971102}.Debug|Any CPU.ActiveCfg = Debug|Any CPU
		{884025F3-A725-4C43-A4B9-AFC5A0971102}.Debug|Any CPU.Build.0 = Debug|Any CPU
		{884025F3-A725-4C43-A4B9-AFC5A0971102}.Release|Any CPU.ActiveCfg = Release|Any CPU
		{884025F3-A725-4C43-A4B9-AFC5A0971102}.Release|Any CPU.Build.0 = Release|Any CPU
	EndGlobalSection
	GlobalSection(SolutionProperties) = preSolution
		HideSolutionNode = FALSE
	EndGlobalSection
	GlobalSection(ExtensibilityGlobals) = postSolution
		SolutionGuid = {4CA82152-33E3-4B08-A821-803EF154C1D8}
	EndGlobalSection
EndGlobal
